
Microsoft Visual Studio Solution File, Format Version 12.00
# Visual Studio Version 16
VisualStudioVersion = 16.0.30114.105
MinimumVisualStudioVersion = 10.0.40219.1
Project("{FAE04EC0-301F-11D3-BF4B-00C04F79EFBC}") = "PlanetNode", "PlanetNode\PlanetNode.csproj", "{72CE6C96-E068-4BFE-8561-CF57212FE7D2}"
EndProject
Project("{FAE04EC0-301F-11D3-BF4B-00C04F79EFBC}") = "Libplanet.Headless", "Libplanet.Headless\Libplanet.Headless.csproj", "{75D87A03-FB5C-410B-8921-A560E63A3B93}"
EndProject
Global
	GlobalSection(SolutionConfigurationPlatforms) = preSolution
		Debug|Any CPU = Debug|Any CPU
		Release|Any CPU = Release|Any CPU
	EndGlobalSection
	GlobalSection(SolutionProperties) = preSolution
		HideSolutionNode = FALSE
	EndGlobalSection
	GlobalSection(ProjectConfigurationPlatforms) = postSolution
		{72CE6C96-E068-4BFE-8561-CF57212FE7D2}.Debug|Any CPU.ActiveCfg = Debug|Any CPU
		{72CE6C96-E068-4BFE-8561-CF57212FE7D2}.Debug|Any CPU.Build.0 = Debug|Any CPU
		{72CE6C96-E068-4BFE-8561-CF57212FE7D2}.Release|Any CPU.ActiveCfg = Release|Any CPU
		{72CE6C96-E068-4BFE-8561-CF57212FE7D2}.Release|Any CPU.Build.0 = Release|Any CPU
		{75D87A03-FB5C-410B-8921-A560E63A3B93}.Debug|Any CPU.ActiveCfg = Debug|Any CPU
		{75D87A03-FB5C-410B-8921-A560E63A3B93}.Debug|Any CPU.Build.0 = Debug|Any CPU
		{75D87A03-FB5C-410B-8921-A560E63A3B93}.Release|Any CPU.ActiveCfg = Release|Any CPU
		{75D87A03-FB5C-410B-8921-A560E63A3B93}.Release|Any CPU.Build.0 = Release|Any CPU
	EndGlobalSection
EndGlobal
